Microsoft Visual Studio Solution File, Format Version 11.00
# Visual Studio 2008

Project("{C7FA6D48-013F-AFA5-8F74-C7C8A4E2D125}") = "Russian Standoff", "Assembly-CSharp.csproj", "{206E3B5D-73AE-90D2-F3D0-C68A7DA9A463}"
EndProject
Global
	GlobalSection(SolutionConfigurationPlatforms) = preSolution
		Debug|Any CPU = Debug|Any CPU
		Release|Any CPU = Release|Any CPU
	EndGlobalSection
	GlobalSection(ProjectConfigurationPlatforms) = postSolution
		{206E3B5D-73AE-90D2-F3D0-C68A7DA9A463}.Debug|Any CPU.ActiveCfg = Debug|Any CPU
		{206E3B5D-73AE-90D2-F3D0-C68A7DA9A463}.Debug|Any CPU.Build.0 = Debug|Any CPU
		{206E3B5D-73AE-90D2-F3D0-C68A7DA9A463}.Release|Any CPU.ActiveCfg = Release|Any CPU
		{206E3B5D-73AE-90D2-F3D0-C68A7DA9A463}.Release|Any CPU.Build.0 = Release|Any CPU
	EndGlobalSection
	GlobalSection(SolutionProperties) = preSolution
		HideSolutionNode = FALSE
	EndGlobalSection
	GlobalSection(MonoDevelopProperties) = preSolution
		StartupItem = Assembly-CSharp.csproj
		Policies = $0
		$0.TextStylePolicy = $1
		$1.inheritsSet = null
		$1.scope = text/x-csharp
		$0.CSharpFormattingPolicy = $2
		$2.inheritsSet = Mono
		$2.inheritsScope = text/x-csharp
		$2.scope = text/x-csharp
		$0.TextStylePolicy = $3
		$3.FileWidth = 120
		$3.TabWidth = 4
		$3.IndentWidth = 4
		$3.EolMarker = Unix
		$3.inheritsSet = Mono
		$3.inheritsScope = text/plain
		$3.scope = text/plain
	EndGlobalSection
EndGlobal
